<?xml version="1.0" encoding="utf-8"?>
<Project ToolsVersion="4.0" xmlns="http://schemas.microsoft.com/developer/msbuild/2003">
  <ItemGroup>
    <Filter Include="源文件">
      <UniqueIdentifier>{4FC737F1-C7A5-4376-A066-2A32D752A2FF}</UniqueIdentifier>
      <Extensions>cpp;c;cc;cxx;def;odl;idl;hpj;bat;asm;asmx</Extensions>
    </Filter>
    <Filter Include="头文件">
      <UniqueIdentifier>{93995380-89BD-4b04-88EB-625FBE52EBFB}</UniqueIdentifier>
      <Extensions>h;hh;hpp;hxx;hm;inl;inc;ipp;xsd</Extensions>
    </Filter>
    <Filter Include="资源文件">
      <UniqueIdentifier>{67DA6AB6-F800-4c08-8B7A-83BB121AAD01}</UniqueIdentifier>
      <Extensions>rc;ico;cur;bmp;dlg;rc2;rct;bin;rgs;gif;jpg;jpeg;jpe;resx;tiff;tif;png;wav;mfcribbon-ms</Extensions>
    </Filter>
  </ItemGroup>
  <ItemGroup>
    <ClCompile Include="..\..\3rd\libuv\src\fs-poll.c">
      <Filter>源文件</Filter>
    </ClCompile>
    <ClCompile Include="..\..\3rd\libuv\src\inet.c">
      <Filter>源文件</Filter>
    </ClCompile>
    <ClCompile Include="..\..\3rd\libuv\src\threadpool.c">
      <Filter>源文件</Filter>
    </ClCompile>
    <ClCompile Include="..\..\3rd\libuv\src\uv-common.c">
      <Filter>源文件</Filter>
    </ClCompile>
    <ClCompile Include="..\..\3rd\libuv\src\version.c">
      <Filter>源文件</Filter>
    </ClCompile>
    <ClCompile Include="..\..\3rd\libuv\src\win\async.c">
      <Filter>源文件</Filter>
    </ClCompile>
    <ClCompile Include="..\..\3rd\libuv\src\win\core.c">
      <Filter>源文件</Filter>
    </ClCompile>
    <ClCompile Include="..\..\3rd\libuv\src\win\dl.c">
      <Filter>源文件</Filter>
    </ClCompile>
    <ClCompile Include="..\..\3rd\libuv\src\win\error.c">
      <Filter>源文件</Filter>
    </ClCompile>
    <ClCompile Include="..\..\3rd\libuv\src\win\fs.c">
      <Filter>源文件</Filter>
    </ClCompile>
    <ClCompile Include="..\..\3rd\libuv\src\win\fs-event.c">
      <Filter>源文件</Filter>
    </ClCompile>
    <ClCompile Include="..\..\3rd\libuv\src\win\getaddrinfo.c">
      <Filter>源文件</Filter>
    </ClCompile>
    <ClCompile Include="..\..\3rd\libuv\src\win\getnameinfo.c">
      <Filter>源文件</Filter>
    </ClCompile>
    <ClCompile Include="..\..\3rd\libuv\src\win\handle.c">
      <Filter>源文件</Filter>
    </ClCompile>
    <ClCompile Include="..\..\3rd\libuv\src\win\loop-watcher.c">
      <Filter>源文件</Filter>
    </ClCompile>
    <ClCompile Include="..\..\3rd\libuv\src\win\pipe.c">
      <Filter>源文件</Filter>
    </ClCompile>
    <ClCompile Include="..\..\3rd\libuv\src\win\poll.c">
      <Filter>源文件</Filter>
    </ClCompile>
    <ClCompile Include="..\..\3rd\libuv\src\win\process.c">
      <Filter>源文件</Filter>
    </ClCompile>
    <ClCompile Include="..\..\3rd\libuv\src\win\process-stdio.c">
      <Filter>源文件</Filter>
    </ClCompile>
    <ClCompile Include="..\..\3rd\libuv\src\win\req.c">
      <Filter>源文件</Filter>
    </ClCompile>
    <ClCompile Include="..\..\3rd\libuv\src\win\signal.c">
      <Filter>源文件</Filter>
    </ClCompile>
    <ClCompile Include="..\..\3rd\libuv\src\win\stream.c">
      <Filter>源文件</Filter>
    </ClCompile>
    <ClCompile Include="..\..\3rd\libuv\src\win\tcp.c">
      <Filter>源文件</Filter>
    </ClCompile>
    <ClCompile Include="..\..\3rd\libuv\src\win\thread.c">
      <Filter>源文件</Filter>
    </ClCompile>
    <ClCompile Include="..\..\3rd\libuv\src\win\timer.c">
      <Filter>源文件</Filter>
    </ClCompile>
    <ClCompile Include="..\..\3rd\libuv\src\win\tty.c">
      <Filter>源文件</Filter>
    </ClCompile>
    <ClCompile Include="..\..\3rd\libuv\src\win\udp.c">
      <Filter>源文件</Filter>
    </ClCompile>
    <ClCompile Include="..\..\3rd\libuv\src\win\util.c">
      <Filter>源文件</Filter>
    </ClCompile>
    <ClCompile Include="..\..\3rd\libuv\src\win\winapi.c">
      <Filter>源文件</Filter>
    </ClCompile>
    <ClCompile Include="..\..\3rd\libuv\src\win\winsock.c">
      <Filter>源文件</Filter>
    </ClCompile>
  </ItemGroup>
  <ItemGroup>
    <ClInclude Include="..\..\3rd\libuv\src\heap-inl.h">
      <Filter>头文件</Filter>
    </ClInclude>
    <ClInclude Include="..\..\3rd\libuv\src\queue.h">
      <Filter>头文件</Filter>
    </ClInclude>
    <ClInclude Include="..\..\3rd\libuv\src\uv-common.h">
      <Filter>头文件</Filter>
    </ClInclude>
    <ClInclude Include="..\..\3rd\libuv\src\win\atomicops-inl.h">
      <Filter>头文件</Filter>
    </ClInclude>
    <ClInclude Include="..\..\3rd\libuv\src\win\handle-inl.h">
      <Filter>头文件</Filter>
    </ClInclude>
    <ClInclude Include="..\..\3rd\libuv\src\win\internal.h">
      <Filter>头文件</Filter>
    </ClInclude>
    <ClInclude Include="..\..\3rd\libuv\src\win\req-inl.h">
      <Filter>头文件</Filter>
    </ClInclude>
    <ClInclude Include="..\..\3rd\libuv\src\win\stream-inl.h">
      <Filter>头文件</Filter>
    </ClInclude>
    <ClInclude Include="..\..\3rd\libuv\src\win\winapi.h">
      <Filter>头文件</Filter>
    </ClInclude>
    <ClInclude Include="..\..\3rd\libuv\src\win\winsock.h">
      <Filter>头文件</Filter>
    </ClInclude>
  </ItemGroup>
</Project>